
Microsoft Visual Studio Solution File, Format Version 12.00
# Visual Studio 14
VisualStudioVersion = 14.0.25420.1
MinimumVisualStudioVersion = 10.0.40219.1
Project("{FAE04EC0-301F-11D3-BF4B-00C04F79EFBC}") = "website", "src\website\website.csproj", "{08C9837D-088B-4942-B656-EBBAC783F850}"
	ProjectSection(ProjectDependencies) = postProject
		{BAFA9145-D19C-4F31-9F1A-C937499E76D5} = {BAFA9145-D19C-4F31-9F1A-C937499E76D5}
		{F56A1669-1009-4203-8045-C890F9F93A2E} = {F56A1669-1009-4203-8045-C890F9F93A2E}
		{EAE01EC9-F91D-4B72-A648-6AC96E688CCE} = {EAE01EC9-F91D-4B72-A648-6AC96E688CCE}
	EndProjectSection
EndProject
Project("{FAE04EC0-301F-11D3-BF4B-00C04F79EFBC}") = "Model", "src\Model\Model.csproj", "{EAE01EC9-F91D-4B72-A648-6AC96E688CCE}"
EndProject
Project("{FAE04EC0-301F-11D3-BF4B-00C04F79EFBC}") = "Model.Tests", "tests\Model.Tests\Model.Tests.csproj", "{D0C7F83A-E33D-478D-A508-139D55F8D79B}"
EndProject
Project("{2150E333-8FDC-42A3-9474-1A3956D46DE8}") = "Solution Items", "Solution Items", "{3055FA77-BE93-4823-8D7D-9E8911894E9C}"
	ProjectSection(SolutionItems) = preProject
		.gitignore = .gitignore
		2010Coverage.testsettings = 2010Coverage.testsettings
		CodeCoverage.runsettings = CodeCoverage.runsettings
		README.md = README.md
		Standard.testsettings = Standard.testsettings
	EndProjectSection
EndProject
Project("{FAE04EC0-301F-11D3-BF4B-00C04F79EFBC}") = "Website.DefaultStrings", "src\Website.DefaultStrings\Website.DefaultStrings.csproj", "{BAFA9145-D19C-4F31-9F1A-C937499E76D5}"
EndProject
Project("{2150E333-8FDC-42A3-9474-1A3956D46DE8}") = "Tools", "Tools", "{AEC88F4A-AE57-4855-A44B-82D7A6BE0B32}"
	ProjectSection(SolutionItems) = preProject
		Tools\seed-database-sample.sql = Tools\seed-database-sample.sql
	EndProjectSection
EndProject
Project("{FAE04EC0-301F-11D3-BF4B-00C04F79EFBC}") = "RecalculateAwards", "tools\RecalculateAwards\RecalculateAwards.csproj", "{15EDE6E7-A4D7-491B-AF30-AC245C7EC6F1}"
EndProject
Project("{FAE04EC0-301F-11D3-BF4B-00C04F79EFBC}") = "ExpireNotify", "Tools\ExpireNotify\ExpireNotify.csproj", "{FAD0ED26-A017-4EB3-9D53-F6D0A6B72FA8}"
EndProject
Project("{2150E333-8FDC-42A3-9474-1A3956D46DE8}") = ".nuget", ".nuget", "{316853AE-0DB7-406F-B49D-EB66C7D2729A}"
	ProjectSection(SolutionItems) = preProject
		.nuget\NuGet.Config = .nuget\NuGet.Config
		.nuget\NuGet.exe = .nuget\NuGet.exe
	EndProjectSection
EndProject
Project("{2150E333-8FDC-42A3-9474-1A3956D46DE8}") = "Tests", "Tests", "{F67F8451-20E4-4277-8BA4-6EBD663BCEA3}"
EndProject
Project("{FAE04EC0-301F-11D3-BF4B-00C04F79EFBC}") = "Website.UnitTests", "tests\Website.UnitTests\Website.UnitTests.csproj", "{11AC8E5E-735D-428D-A057-2CACA2639135}"
EndProject
Project("{FAE04EC0-301F-11D3-BF4B-00C04F79EFBC}") = "Unit.Extensions", "src\Unit.Extensions\Unit.Extensions.csproj", "{F56A1669-1009-4203-8045-C890F9F93A2E}"
EndProject
Project("{FAE04EC0-301F-11D3-BF4B-00C04F79EFBC}") = "ESAR.Extensions", "ESAR.Extensions\ESAR.Extensions.csproj", "{89BAD345-1DDC-436E-8328-560C18CB92DD}"
	ProjectSection(ProjectDependencies) = postProject
		{08C9837D-088B-4942-B656-EBBAC783F850} = {08C9837D-088B-4942-B656-EBBAC783F850}
	EndProjectSection
EndProject
Project("{FAE04EC0-301F-11D3-BF4B-00C04F79EFBC}") = "Website.UI.Tests", "tests\Website.UI.Tests\Website.UI.Tests.csproj", "{A892AFE4-95DA-4861-9935-B520C23440CA}"
EndProject
Project("{FAE04EC0-301F-11D3-BF4B-00C04F79EFBC}") = "HamFromFCC", "Tools\HamFromFCC\HamFromFCC.csproj", "{BE475201-A881-4BEF-8682-7C9A275281BB}"
EndProject
Project("{2150E333-8FDC-42A3-9474-1A3956D46DE8}") = "src", "src", "{A825EBF7-E7F6-4059-B151-BCE186E26073}"
EndProject
Project("{FAE04EC0-301F-11D3-BF4B-00C04F79EFBC}") = "Services", "src\Services\Services.csproj", "{2E5C85DA-32F0-43F1-83ED-026867AA2A6D}"
EndProject
Project("{FAE04EC0-301F-11D3-BF4B-00C04F79EFBC}") = "SMR.Extensions", "SMR.Extensions\SMR.Extensions.csproj", "{8E1020A7-E2F4-4B62-8051-EF2935A90749}"
EndProject
Project("{FAE04EC0-301F-11D3-BF4B-00C04F79EFBC}") = "website-api", "src\website-api\website-api.csproj", "{0E98B7B5-73A5-44D0-BD64-C6313A84991E}"
EndProject
Global
	GlobalSection(SolutionConfigurationPlatforms) = preSolution
		Debug|Any CPU = Debug|Any CPU
		Debug|Mixed Platforms = Debug|Mixed Platforms
		Debug|x86 = Debug|x86
		Deploy|Any CPU = Deploy|Any CPU
		Deploy|Mixed Platforms = Deploy|Mixed Platforms
		Deploy|x86 = Deploy|x86
		Release|Any CPU = Release|Any CPU
		Release|Mixed Platforms = Release|Mixed Platforms
		Release|x86 = Release|x86
	EndGlobalSection
	GlobalSection(ProjectConfigurationPlatforms) = postSolution
		{08C9837D-088B-4942-B656-EBBAC783F850}.Debug|Any CPU.ActiveCfg = Debug|Any CPU
		{08C9837D-088B-4942-B656-EBBAC783F850}.Debug|Any CPU.Build.0 = Debug|Any CPU
		{08C9837D-088B-4942-B656-EBBAC783F850}.Debug|Mixed Platforms.ActiveCfg = Debug|Any CPU
		{08C9837D-088B-4942-B656-EBBAC783F850}.Debug|Mixed Platforms.Build.0 = Debug|Any CPU
		{08C9837D-088B-4942-B656-EBBAC783F850}.Debug|x86.ActiveCfg = Debug|Any CPU
		{08C9837D-088B-4942-B656-EBBAC783F850}.Deploy|Any CPU.ActiveCfg = Debug|Any CPU
		{08C9837D-088B-4942-B656-EBBAC783F850}.Deploy|Any CPU.Build.0 = Debug|Any CPU
		{08C9837D-088B-4942-B656-EBBAC783F850}.Deploy|Mixed Platforms.ActiveCfg = Debug|Any CPU
		{08C9837D-088B-4942-B656-EBBAC783F850}.Deploy|Mixed Platforms.Build.0 = Debug|Any CPU
		{08C9837D-088B-4942-B656-EBBAC783F850}.Deploy|x86.ActiveCfg = Debug|Any CPU
		{08C9837D-088B-4942-B656-EBBAC783F850}.Release|Any CPU.ActiveCfg = Release|Any CPU
		{08C9837D-088B-4942-B656-EBBAC783F850}.Release|Any CPU.Build.0 = Release|Any CPU
		{08C9837D-088B-4942-B656-EBBAC783F850}.Release|Mixed Platforms.ActiveCfg = Release|Any CPU
		{08C9837D-088B-4942-B656-EBBAC783F850}.Release|Mixed Platforms.Build.0 = Release|Any CPU
		{08C9837D-088B-4942-B656-EBBAC783F850}.Release|x86.ActiveCfg = Release|Any CPU
		{EAE01EC9-F91D-4B72-A648-6AC96E688CCE}.Debug|Any CPU.ActiveCfg = Debug|Any CPU
		{EAE01EC9-F91D-4B72-A648-6AC96E688CCE}.Debug|Any CPU.Build.0 = Debug|Any CPU
		{EAE01EC9-F91D-4B72-A648-6AC96E688CCE}.Debug|Mixed Platforms.ActiveCfg = Debug|Any CPU
		{EAE01EC9-F91D-4B72-A648-6AC96E688CCE}.Debug|Mixed Platforms.Build.0 = Debug|Any CPU
		{EAE01EC9-F91D-4B72-A648-6AC96E688CCE}.Debug|x86.ActiveCfg = Debug|Any CPU
		{EAE01EC9-F91D-4B72-A648-6AC96E688CCE}.Deploy|Any CPU.ActiveCfg = Deploy|Any CPU
		{EAE01EC9-F91D-4B72-A648-6AC96E688CCE}.Deploy|Any CPU.Build.0 = Deploy|Any CPU
		{EAE01EC9-F91D-4B72-A648-6AC96E688CCE}.Deploy|Mixed Platforms.ActiveCfg = Deploy|Any CPU
		{EAE01EC9-F91D-4B72-A648-6AC96E688CCE}.Deploy|Mixed Platforms.Build.0 = Deploy|Any CPU
		{EAE01EC9-F91D-4B72-A648-6AC96E688CCE}.Deploy|x86.ActiveCfg = Deploy|Any CPU
		{EAE01EC9-F91D-4B72-A648-6AC96E688CCE}.Release|Any CPU.ActiveCfg = Release|Any CPU
		{EAE01EC9-F91D-4B72-A648-6AC96E688CCE}.Release|Any CPU.Build.0 = Release|Any CPU
		{EAE01EC9-F91D-4B72-A648-6AC96E688CCE}.Release|Mixed Platforms.ActiveCfg = Release|Any CPU
		{EAE01EC9-F91D-4B72-A648-6AC96E688CCE}.Release|Mixed Platforms.Build.0 = Release|Any CPU
		{EAE01EC9-F91D-4B72-A648-6AC96E688CCE}.Release|x86.ActiveCfg = Release|Any CPU
		{D0C7F83A-E33D-478D-A508-139D55F8D79B}.Debug|Any CPU.ActiveCfg = Debug|Any CPU
		{D0C7F83A-E33D-478D-A508-139D55F8D79B}.Debug|Any CPU.Build.0 = Debug|Any CPU
		{D0C7F83A-E33D-478D-A508-139D55F8D79B}.Debug|Mixed Platforms.ActiveCfg = Debug|Any CPU
		{D0C7F83A-E33D-478D-A508-139D55F8D79B}.Debug|Mixed Platforms.Build.0 = Debug|Any CPU
		{D0C7F83A-E33D-478D-A508-139D55F8D79B}.Debug|x86.ActiveCfg = Debug|Any CPU
		{D0C7F83A-E33D-478D-A508-139D55F8D79B}.Deploy|Any CPU.ActiveCfg = Debug|Any CPU
		{D0C7F83A-E33D-478D-A508-139D55F8D79B}.Deploy|Any CPU.Build.0 = Debug|Any CPU
		{D0C7F83A-E33D-478D-A508-139D55F8D79B}.Deploy|Mixed Platforms.ActiveCfg = Debug|Any CPU
		{D0C7F83A-E33D-478D-A508-139D55F8D79B}.Deploy|Mixed Platforms.Build.0 = Debug|Any CPU
		{D0C7F83A-E33D-478D-A508-139D55F8D79B}.Deploy|x86.ActiveCfg = Debug|Any CPU
		{D0C7F83A-E33D-478D-A508-139D55F8D79B}.Release|Any CPU.ActiveCfg = Release|Any CPU
		{D0C7F83A-E33D-478D-A508-139D55F8D79B}.Release|Any CPU.Build.0 = Release|Any CPU
		{D0C7F83A-E33D-478D-A508-139D55F8D79B}.Release|Mixed Platforms.ActiveCfg = Release|Any CPU
		{D0C7F83A-E33D-478D-A508-139D55F8D79B}.Release|Mixed Platforms.Build.0 = Release|Any CPU
		{D0C7F83A-E33D-478D-A508-139D55F8D79B}.Release|x86.ActiveCfg = Release|Any CPU
		{BAFA9145-D19C-4F31-9F1A-C937499E76D5}.Debug|Any CPU.ActiveCfg = Debug|Any CPU
		{BAFA9145-D19C-4F31-9F1A-C937499E76D5}.Debug|Any CPU.Build.0 = Debug|Any CPU
		{BAFA9145-D19C-4F31-9F1A-C937499E76D5}.Debug|Mixed Platforms.ActiveCfg = Debug|Any CPU
		{BAFA9145-D19C-4F31-9F1A-C937499E76D5}.Debug|Mixed Platforms.Build.0 = Debug|Any CPU
		{BAFA9145-D19C-4F31-9F1A-C937499E76D5}.Debug|x86.ActiveCfg = Debug|Any CPU
		{BAFA9145-D19C-4F31-9F1A-C937499E76D5}.Deploy|Any CPU.ActiveCfg = Debug|Any CPU
		{BAFA9145-D19C-4F31-9F1A-C937499E76D5}.Deploy|Any CPU.Build.0 = Debug|Any CPU
		{BAFA9145-D19C-4F31-9F1A-C937499E76D5}.Deploy|Mixed Platforms.ActiveCfg = Debug|Any CPU
		{BAFA9145-D19C-4F31-9F1A-C937499E76D5}.Deploy|Mixed Platforms.Build.0 = Debug|Any CPU
		{BAFA9145-D19C-4F31-9F1A-C937499E76D5}.Deploy|x86.ActiveCfg = Debug|Any CPU
		{BAFA9145-D19C-4F31-9F1A-C937499E76D5}.Release|Any CPU.ActiveCfg = Release|Any CPU
		{BAFA9145-D19C-4F31-9F1A-C937499E76D5}.Release|Any CPU.Build.0 = Release|Any CPU
		{BAFA9145-D19C-4F31-9F1A-C937499E76D5}.Release|Mixed Platforms.ActiveCfg = Release|Any CPU
		{BAFA9145-D19C-4F31-9F1A-C937499E76D5}.Release|Mixed Platforms.Build.0 = Release|Any CPU
		{BAFA9145-D19C-4F31-9F1A-C937499E76D5}.Release|x86.ActiveCfg = Release|Any CPU
		{15EDE6E7-A4D7-491B-AF30-AC245C7EC6F1}.Debug|Any CPU.ActiveCfg = Debug|Any CPU
		{15EDE6E7-A4D7-491B-AF30-AC245C7EC6F1}.Debug|Any CPU.Build.0 = Debug|Any CPU
		{15EDE6E7-A4D7-491B-AF30-AC245C7EC6F1}.Debug|Mixed Platforms.ActiveCfg = Debug|Any CPU
		{15EDE6E7-A4D7-491B-AF30-AC245C7EC6F1}.Debug|Mixed Platforms.Build.0 = Debug|Any CPU
		{15EDE6E7-A4D7-491B-AF30-AC245C7EC6F1}.Debug|x86.ActiveCfg = Debug|Any CPU
		{15EDE6E7-A4D7-491B-AF30-AC245C7EC6F1}.Deploy|Any CPU.ActiveCfg = Debug|Any CPU
		{15EDE6E7-A4D7-491B-AF30-AC245C7EC6F1}.Deploy|Any CPU.Build.0 = Debug|Any CPU
		{15EDE6E7-A4D7-491B-AF30-AC245C7EC6F1}.Deploy|Mixed Platforms.ActiveCfg = Debug|Any CPU
		{15EDE6E7-A4D7-491B-AF30-AC245C7EC6F1}.Deploy|Mixed Platforms.Build.0 = Debug|Any CPU
		{15EDE6E7-A4D7-491B-AF30-AC245C7EC6F1}.Deploy|x86.ActiveCfg = Debug|Any CPU
		{15EDE6E7-A4D7-491B-AF30-AC245C7EC6F1}.Release|Any CPU.ActiveCfg = Release|Any CPU
		{15EDE6E7-A4D7-491B-AF30-AC245C7EC6F1}.Release|Any CPU.Build.0 = Release|Any CPU
		{15EDE6E7-A4D7-491B-AF30-AC245C7EC6F1}.Release|Mixed Platforms.ActiveCfg = Release|Any CPU
		{15EDE6E7-A4D7-491B-AF30-AC245C7EC6F1}.Release|Mixed Platforms.Build.0 = Release|Any CPU
		{15EDE6E7-A4D7-491B-AF30-AC245C7EC6F1}.Release|x86.ActiveCfg = Release|Any CPU
		{FAD0ED26-A017-4EB3-9D53-F6D0A6B72FA8}.Debug|Any CPU.ActiveCfg = Debug|Any CPU
		{FAD0ED26-A017-4EB3-9D53-F6D0A6B72FA8}.Debug|Any CPU.Build.0 = Debug|Any CPU
		{FAD0ED26-A017-4EB3-9D53-F6D0A6B72FA8}.Debug|Mixed Platforms.ActiveCfg = Debug|Any CPU
		{FAD0ED26-A017-4EB3-9D53-F6D0A6B72FA8}.Debug|Mixed Platforms.Build.0 = Debug|Any CPU
		{FAD0ED26-A017-4EB3-9D53-F6D0A6B72FA8}.Debug|x86.ActiveCfg = Debug|Any CPU
		{FAD0ED26-A017-4EB3-9D53-F6D0A6B72FA8}.Deploy|Any CPU.ActiveCfg = Debug|Any CPU
		{FAD0ED26-A017-4EB3-9D53-F6D0A6B72FA8}.Deploy|Any CPU.Build.0 = Debug|Any CPU
		{FAD0ED26-A017-4EB3-9D53-F6D0A6B72FA8}.Deploy|Mixed Platforms.ActiveCfg = Debug|Any CPU
		{FAD0ED26-A017-4EB3-9D53-F6D0A6B72FA8}.Deploy|Mixed Platforms.Build.0 = Debug|Any CPU
		{FAD0ED26-A017-4EB3-9D53-F6D0A6B72FA8}.Deploy|x86.ActiveCfg = Debug|Any CPU
		{FAD0ED26-A017-4EB3-9D53-F6D0A6B72FA8}.Release|Any CPU.ActiveCfg = Release|Any CPU
		{FAD0ED26-A017-4EB3-9D53-F6D0A6B72FA8}.Release|Any CPU.Build.0 = Release|Any CPU
		{FAD0ED26-A017-4EB3-9D53-F6D0A6B72FA8}.Release|Mixed Platforms.ActiveCfg = Release|Any CPU
		{FAD0ED26-A017-4EB3-9D53-F6D0A6B72FA8}.Release|Mixed Platforms.Build.0 = Release|Any CPU
		{FAD0ED26-A017-4EB3-9D53-F6D0A6B72FA8}.Release|x86.ActiveCfg = Release|Any CPU
		{11AC8E5E-735D-428D-A057-2CACA2639135}.Debug|Any CPU.ActiveCfg = Debug|Any CPU
		{11AC8E5E-735D-428D-A057-2CACA2639135}.Debug|Any CPU.Build.0 = Debug|Any CPU
		{11AC8E5E-735D-428D-A057-2CACA2639135}.Debug|Mixed Platforms.ActiveCfg = Debug|Any CPU
		{11AC8E5E-735D-428D-A057-2CACA2639135}.Debug|Mixed Platforms.Build.0 = Debug|Any CPU
		{11AC8E5E-735D-428D-A057-2CACA2639135}.Debug|x86.ActiveCfg = Debug|Any CPU
		{11AC8E5E-735D-428D-A057-2CACA2639135}.Deploy|Any CPU.ActiveCfg = Debug|Any CPU
		{11AC8E5E-735D-428D-A057-2CACA2639135}.Deploy|Any CPU.Build.0 = Debug|Any CPU
		{11AC8E5E-735D-428D-A057-2CACA2639135}.Deploy|Mixed Platforms.ActiveCfg = Debug|Any CPU
		{11AC8E5E-735D-428D-A057-2CACA2639135}.Deploy|Mixed Platforms.Build.0 = Debug|Any CPU
		{11AC8E5E-735D-428D-A057-2CACA2639135}.Deploy|x86.ActiveCfg = Debug|Any CPU
		{11AC8E5E-735D-428D-A057-2CACA2639135}.Release|Any CPU.ActiveCfg = Release|Any CPU
		{11AC8E5E-735D-428D-A057-2CACA2639135}.Release|Any CPU.Build.0 = Release|Any CPU
		{11AC8E5E-735D-428D-A057-2CACA2639135}.Release|Mixed Platforms.ActiveCfg = Release|Any CPU
		{11AC8E5E-735D-428D-A057-2CACA2639135}.Release|Mixed Platforms.Build.0 = Release|Any CPU
		{11AC8E5E-735D-428D-A057-2CACA2639135}.Release|x86.ActiveCfg = Release|Any CPU
		{F56A1669-1009-4203-8045-C890F9F93A2E}.Debug|Any CPU.ActiveCfg = Debug|Any CPU
		{F56A1669-1009-4203-8045-C890F9F93A2E}.Debug|Any CPU.Build.0 = Debug|Any CPU
		{F56A1669-1009-4203-8045-C890F9F93A2E}.Debug|Mixed Platforms.ActiveCfg = Debug|Any CPU
		{F56A1669-1009-4203-8045-C890F9F93A2E}.Debug|Mixed Platforms.Build.0 = Debug|Any CPU
		{F56A1669-1009-4203-8045-C890F9F93A2E}.Debug|x86.ActiveCfg = Debug|Any CPU
		{F56A1669-1009-4203-8045-C890F9F93A2E}.Deploy|Any CPU.ActiveCfg = Debug|Any CPU
		{F56A1669-1009-4203-8045-C890F9F93A2E}.Deploy|Any CPU.Build.0 = Debug|Any CPU
		{F56A1669-1009-4203-8045-C890F9F93A2E}.Deploy|Mixed Platforms.ActiveCfg = Debug|Any CPU
		{F56A1669-1009-4203-8045-C890F9F93A2E}.Deploy|Mixed Platforms.Build.0 = Debug|Any CPU
		{F56A1669-1009-4203-8045-C890F9F93A2E}.Deploy|x86.ActiveCfg = Debug|Any CPU
		{F56A1669-1009-4203-8045-C890F9F93A2E}.Release|Any CPU.ActiveCfg = Release|Any CPU
		{F56A1669-1009-4203-8045-C890F9F93A2E}.Release|Any CPU.Build.0 = Release|Any CPU
		{F56A1669-1009-4203-8045-C890F9F93A2E}.Release|Mixed Platforms.ActiveCfg = Release|Any CPU
		{F56A1669-1009-4203-8045-C890F9F93A2E}.Release|Mixed Platforms.Build.0 = Release|Any CPU
		{F56A1669-1009-4203-8045-C890F9F93A2E}.Release|x86.ActiveCfg = Release|Any CPU
		{89BAD345-1DDC-436E-8328-560C18CB92DD}.Debug|Any CPU.ActiveCfg = Debug|Any CPU
		{89BAD345-1DDC-436E-8328-560C18CB92DD}.Debug|Any CPU.Build.0 = Debug|Any CPU
		{89BAD345-1DDC-436E-8328-560C18CB92DD}.Debug|Mixed Platforms.ActiveCfg = Debug|Any CPU
		{89BAD345-1DDC-436E-8328-560C18CB92DD}.Debug|Mixed Platforms.Build.0 = Debug|Any CPU
		{89BAD345-1DDC-436E-8328-560C18CB92DD}.Debug|x86.ActiveCfg = Debug|Any CPU
		{89BAD345-1DDC-436E-8328-560C18CB92DD}.Deploy|Any CPU.ActiveCfg = Debug|Any CPU
		{89BAD345-1DDC-436E-8328-560C18CB92DD}.Deploy|Any CPU.Build.0 = Debug|Any CPU
		{89BAD345-1DDC-436E-8328-560C18CB92DD}.Deploy|Mixed Platforms.ActiveCfg = Debug|Any CPU
		{89BAD345-1DDC-436E-8328-560C18CB92DD}.Deploy|Mixed Platforms.Build.0 = Debug|Any CPU
		{89BAD345-1DDC-436E-8328-560C18CB92DD}.Deploy|x86.ActiveCfg = Debug|Any CPU
		{89BAD345-1DDC-436E-8328-560C18CB92DD}.Release|Any CPU.ActiveCfg = Release|Any CPU
		{89BAD345-1DDC-436E-8328-560C18CB92DD}.Release|Any CPU.Build.0 = Release|Any CPU
		{89BAD345-1DDC-436E-8328-560C18CB92DD}.Release|Mixed Platforms.ActiveCfg = Release|Any CPU
		{89BAD345-1DDC-436E-8328-560C18CB92DD}.Release|Mixed Platforms.Build.0 = Release|Any CPU
		{89BAD345-1DDC-436E-8328-560C18CB92DD}.Release|x86.ActiveCfg = Release|Any CPU
		{A892AFE4-95DA-4861-9935-B520C23440CA}.Debug|Any CPU.ActiveCfg = Debug|Any CPU
		{A892AFE4-95DA-4861-9935-B520C23440CA}.Debug|Any CPU.Build.0 = Debug|Any CPU
		{A892AFE4-95DA-4861-9935-B520C23440CA}.Debug|Mixed Platforms.ActiveCfg = Debug|Any CPU
		{A892AFE4-95DA-4861-9935-B520C23440CA}.Debug|Mixed Platforms.Build.0 = Debug|Any CPU
		{A892AFE4-95DA-4861-9935-B520C23440CA}.Debug|x86.ActiveCfg = Debug|Any CPU
		{A892AFE4-95DA-4861-9935-B520C23440CA}.Deploy|Any CPU.ActiveCfg = Debug|Any CPU
		{A892AFE4-95DA-4861-9935-B520C23440CA}.Deploy|Any CPU.Build.0 = Debug|Any CPU
		{A892AFE4-95DA-4861-9935-B520C23440CA}.Deploy|Mixed Platforms.ActiveCfg = Debug|Any CPU
		{A892AFE4-95DA-4861-9935-B520C23440CA}.Deploy|Mixed Platforms.Build.0 = Debug|Any CPU
		{A892AFE4-95DA-4861-9935-B520C23440CA}.Deploy|x86.ActiveCfg = Debug|Any CPU
		{A892AFE4-95DA-4861-9935-B520C23440CA}.Release|Any CPU.ActiveCfg = Release|Any CPU
		{A892AFE4-95DA-4861-9935-B520C23440CA}.Release|Any CPU.Build.0 = Release|Any CPU
		{A892AFE4-95DA-4861-9935-B520C23440CA}.Release|Mixed Platforms.ActiveCfg = Release|Any CPU
		{A892AFE4-95DA-4861-9935-B520C23440CA}.Release|Mixed Platforms.Build.0 = Release|Any CPU
		{A892AFE4-95DA-4861-9935-B520C23440CA}.Release|x86.ActiveCfg = Release|Any CPU
		{BE475201-A881-4BEF-8682-7C9A275281BB}.Debug|Any CPU.ActiveCfg = Debug|Any CPU
		{BE475201-A881-4BEF-8682-7C9A275281BB}.Debug|Any CPU.Build.0 = Debug|Any CPU
		{BE475201-A881-4BEF-8682-7C9A275281BB}.Debug|Mixed Platforms.ActiveCfg = Debug|Any CPU
		{BE475201-A881-4BEF-8682-7C9A275281BB}.Debug|Mixed Platforms.Build.0 = Debug|Any CPU
		{BE475201-A881-4BEF-8682-7C9A275281BB}.Debug|x86.ActiveCfg = Debug|Any CPU
		{BE475201-A881-4BEF-8682-7C9A275281BB}.Deploy|Any CPU.ActiveCfg = Debug|Any CPU
		{BE475201-A881-4BEF-8682-7C9A275281BB}.Deploy|Any CPU.Build.0 = Debug|Any CPU
		{BE475201-A881-4BEF-8682-7C9A275281BB}.Deploy|Mixed Platforms.ActiveCfg = Debug|Any CPU
		{BE475201-A881-4BEF-8682-7C9A275281BB}.Deploy|Mixed Platforms.Build.0 = Debug|Any CPU
		{BE475201-A881-4BEF-8682-7C9A275281BB}.Deploy|x86.ActiveCfg = Debug|Any CPU
		{BE475201-A881-4BEF-8682-7C9A275281BB}.Release|Any CPU.ActiveCfg = Release|Any CPU
		{BE475201-A881-4BEF-8682-7C9A275281BB}.Release|Any CPU.Build.0 = Release|Any CPU
		{BE475201-A881-4BEF-8682-7C9A275281BB}.Release|Mixed Platforms.ActiveCfg = Release|Any CPU
		{BE475201-A881-4BEF-8682-7C9A275281BB}.Release|Mixed Platforms.Build.0 = Release|Any CPU
		{BE475201-A881-4BEF-8682-7C9A275281BB}.Release|x86.ActiveCfg = Release|Any CPU
		{2E5C85DA-32F0-43F1-83ED-026867AA2A6D}.Debug|Any CPU.ActiveCfg = Debug|Any CPU
		{2E5C85DA-32F0-43F1-83ED-026867AA2A6D}.Debug|Any CPU.Build.0 = Debug|Any CPU
		{2E5C85DA-32F0-43F1-83ED-026867AA2A6D}.Debug|Mixed Platforms.ActiveCfg = Debug|Any CPU
		{2E5C85DA-32F0-43F1-83ED-026867AA2A6D}.Debug|Mixed Platforms.Build.0 = Debug|Any CPU
		{2E5C85DA-32F0-43F1-83ED-026867AA2A6D}.Debug|x86.ActiveCfg = Debug|Any CPU
		{2E5C85DA-32F0-43F1-83ED-026867AA2A6D}.Deploy|Any CPU.ActiveCfg = Debug|Any CPU
		{2E5C85DA-32F0-43F1-83ED-026867AA2A6D}.Deploy|Any CPU.Build.0 = Debug|Any CPU
		{2E5C85DA-32F0-43F1-83ED-026867AA2A6D}.Deploy|Mixed Platforms.ActiveCfg = Debug|Any CPU
		{2E5C85DA-32F0-43F1-83ED-026867AA2A6D}.Deploy|Mixed Platforms.Build.0 = Debug|Any CPU
		{2E5C85DA-32F0-43F1-83ED-026867AA2A6D}.Deploy|x86.ActiveCfg = Debug|Any CPU
		{2E5C85DA-32F0-43F1-83ED-026867AA2A6D}.Release|Any CPU.ActiveCfg = Release|Any CPU
		{2E5C85DA-32F0-43F1-83ED-026867AA2A6D}.Release|Any CPU.Build.0 = Release|Any CPU
		{2E5C85DA-32F0-43F1-83ED-026867AA2A6D}.Release|Mixed Platforms.ActiveCfg = Release|Any CPU
		{2E5C85DA-32F0-43F1-83ED-026867AA2A6D}.Release|Mixed Platforms.Build.0 = Release|Any CPU
		{2E5C85DA-32F0-43F1-83ED-026867AA2A6D}.Release|x86.ActiveCfg = Release|Any CPU
		{8E1020A7-E2F4-4B62-8051-EF2935A90749}.Debug|Any CPU.ActiveCfg = Debug|Any CPU
		{8E1020A7-E2F4-4B62-8051-EF2935A90749}.Debug|Any CPU.Build.0 = Debug|Any CPU
		{8E1020A7-E2F4-4B62-8051-EF2935A90749}.Debug|Mixed Platforms.ActiveCfg = Debug|Any CPU
		{8E1020A7-E2F4-4B62-8051-EF2935A90749}.Debug|Mixed Platforms.Build.0 = Debug|Any CPU
		{8E1020A7-E2F4-4B62-8051-EF2935A90749}.Debug|x86.ActiveCfg = Debug|Any CPU
		{8E1020A7-E2F4-4B62-8051-EF2935A90749}.Debug|x86.Build.0 = Debug|Any CPU
		{8E1020A7-E2F4-4B62-8051-EF2935A90749}.Deploy|Any CPU.ActiveCfg = Debug|Any CPU
		{8E1020A7-E2F4-4B62-8051-EF2935A90749}.Deploy|Any CPU.Build.0 = Debug|Any CPU
		{8E1020A7-E2F4-4B62-8051-EF2935A90749}.Deploy|Mixed Platforms.ActiveCfg = Debug|Any CPU
		{8E1020A7-E2F4-4B62-8051-EF2935A90749}.Deploy|Mixed Platforms.Build.0 = Debug|Any CPU
		{8E1020A7-E2F4-4B62-8051-EF2935A90749}.Deploy|x86.ActiveCfg = Debug|Any CPU
		{8E1020A7-E2F4-4B62-8051-EF2935A90749}.Deploy|x86.Build.0 = Debug|Any CPU
		{8E1020A7-E2F4-4B62-8051-EF2935A90749}.Release|Any CPU.ActiveCfg = Release|Any CPU
		{8E1020A7-E2F4-4B62-8051-EF2935A90749}.Release|Any CPU.Build.0 = Release|Any CPU
		{8E1020A7-E2F4-4B62-8051-EF2935A90749}.Release|Mixed Platforms.ActiveCfg = Release|Any CPU
		{8E1020A7-E2F4-4B62-8051-EF2935A90749}.Release|Mixed Platforms.Build.0 = Release|Any CPU
		{8E1020A7-E2F4-4B62-8051-EF2935A90749}.Release|x86.ActiveCfg = Release|Any CPU
		{8E1020A7-E2F4-4B62-8051-EF2935A90749}.Release|x86.Build.0 = Release|Any CPU
		{0E98B7B5-73A5-44D0-BD64-C6313A84991E}.Debug|Any CPU.ActiveCfg = Debug|Any CPU
		{0E98B7B5-73A5-44D0-BD64-C6313A84991E}.Debug|Any CPU.Build.0 = Debug|Any CPU
		{0E98B7B5-73A5-44D0-BD64-C6313A84991E}.Debug|Mixed Platforms.ActiveCfg = Debug|Any CPU
		{0E98B7B5-73A5-44D0-BD64-C6313A84991E}.Debug|Mixed Platforms.Build.0 = Debug|Any CPU
		{0E98B7B5-73A5-44D0-BD64-C6313A84991E}.Debug|x86.ActiveCfg = Debug|Any CPU
		{0E98B7B5-73A5-44D0-BD64-C6313A84991E}.Debug|x86.Build.0 = Debug|Any CPU
		{0E98B7B5-73A5-44D0-BD64-C6313A84991E}.Deploy|Any CPU.ActiveCfg = Debug|Any CPU
		{0E98B7B5-73A5-44D0-BD64-C6313A84991E}.Deploy|Any CPU.Build.0 = Debug|Any CPU
		{0E98B7B5-73A5-44D0-BD64-C6313A84991E}.Deploy|Mixed Platforms.ActiveCfg = Debug|Any CPU
		{0E98B7B5-73A5-44D0-BD64-C6313A84991E}.Deploy|Mixed Platforms.Build.0 = Debug|Any CPU
		{0E98B7B5-73A5-44D0-BD64-C6313A84991E}.Deploy|x86.ActiveCfg = Debug|Any CPU
		{0E98B7B5-73A5-44D0-BD64-C6313A84991E}.Deploy|x86.Build.0 = Debug|Any CPU
		{0E98B7B5-73A5-44D0-BD64-C6313A84991E}.Release|Any CPU.ActiveCfg = Release|Any CPU
		{0E98B7B5-73A5-44D0-BD64-C6313A84991E}.Release|Any CPU.Build.0 = Release|Any CPU
		{0E98B7B5-73A5-44D0-BD64-C6313A84991E}.Release|Mixed Platforms.ActiveCfg = Release|Any CPU
		{0E98B7B5-73A5-44D0-BD64-C6313A84991E}.Release|Mixed Platforms.Build.0 = Release|Any CPU
		{0E98B7B5-73A5-44D0-BD64-C6313A84991E}.Release|x86.ActiveCfg = Release|Any CPU
		{0E98B7B5-73A5-44D0-BD64-C6313A84991E}.Release|x86.Build.0 = Release|Any CPU
	EndGlobalSection
	GlobalSection(SolutionProperties) = preSolution
		HideSolutionNode = FALSE
	EndGlobalSection
	GlobalSection(NestedProjects) = preSolution
		{08C9837D-088B-4942-B656-EBBAC783F850} = {A825EBF7-E7F6-4059-B151-BCE186E26073}
		{EAE01EC9-F91D-4B72-A648-6AC96E688CCE} = {A825EBF7-E7F6-4059-B151-BCE186E26073}
		{D0C7F83A-E33D-478D-A508-139D55F8D79B} = {F67F8451-20E4-4277-8BA4-6EBD663BCEA3}
		{BAFA9145-D19C-4F31-9F1A-C937499E76D5} = {A825EBF7-E7F6-4059-B151-BCE186E26073}
		{15EDE6E7-A4D7-491B-AF30-AC245C7EC6F1} = {AEC88F4A-AE57-4855-A44B-82D7A6BE0B32}
		{FAD0ED26-A017-4EB3-9D53-F6D0A6B72FA8} = {AEC88F4A-AE57-4855-A44B-82D7A6BE0B32}
		{11AC8E5E-735D-428D-A057-2CACA2639135} = {F67F8451-20E4-4277-8BA4-6EBD663BCEA3}
		{F56A1669-1009-4203-8045-C890F9F93A2E} = {A825EBF7-E7F6-4059-B151-BCE186E26073}
		{A892AFE4-95DA-4861-9935-B520C23440CA} = {F67F8451-20E4-4277-8BA4-6EBD663BCEA3}
		{BE475201-A881-4BEF-8682-7C9A275281BB} = {AEC88F4A-AE57-4855-A44B-82D7A6BE0B32}
		{2E5C85DA-32F0-43F1-83ED-026867AA2A6D} = {A825EBF7-E7F6-4059-B151-BCE186E26073}
		{0E98B7B5-73A5-44D0-BD64-C6313A84991E} = {A825EBF7-E7F6-4059-B151-BCE186E26073}
	EndGlobalSection
EndGlobal
